// !$*UTF8*$!
{
	archiveVersion = 1;
	classes = {
	};
	objectVersion = 56;
	objects = {

/* Begin PBXBuildFile section */
		A21F1E2D2A938CC200DE1B15 /* ModalityApp.swift in Sources */ = {isa = PBXBuildFile; fileRef = A21F1E2C2A938CC200DE1B15 /* ModalityApp.swift */; };
		A21F1E2F2A938CC200DE1B15 /* Yearbook.swift in Sources */ = {isa = PBXBuildFile; fileRef = A21F1E2E2A938CC200DE1B15 /* Yearbook.swift */; };
		A21F1E312A938CC200DE1B15 /* Assets.xcassets in Resources */ = {isa = PBXBuildFile; fileRef = A21F1E302A938CC200DE1B15 /* Assets.xcassets */; };
		A21F1E352A938CC200DE1B15 /* Preview Assets.xcassets in Resources */ = {isa = PBXBuildFile; fileRef = A21F1E342A938CC200DE1B15 /* Preview Assets.xcassets */; };
		A21F1E3F2A938CC200DE1B15 /* ModalityTests.swift in Sources */ = {isa = PBXBuildFile; fileRef = A21F1E3E2A938CC200DE1B15 /* ModalityTests.swift */; };
		A21F1E492A938CC200DE1B15 /* ModalityUITests.swift in Sources */ = {isa = PBXBuildFile; fileRef = A21F1E482A938CC200DE1B15 /* ModalityUITests.swift */; };
		A21F1E4B2A938CC200DE1B15 /* ModalityUITestsLaunchTests.swift in Sources */ = {isa = PBXBuildFile; fileRef = A21F1E4A2A938CC200DE1B15 /* ModalityUITestsLaunchTests.swift */; };
		A21F1E582A938F1F00DE1B15 /* KermitsGroceryList.swift in Sources */ = {isa = PBXBuildFile; fileRef = A21F1E572A938F1F00DE1B15 /* KermitsGroceryList.swift */; };
		A24815CC2B33323D0006D021 /* AddTextView.swift in Sources */ = {isa = PBXBuildFile; fileRef = A24815CB2B33323D0006D021 /* AddTextView.swift */; };
		A2CCC0482B4EEE1B0000D01F /* README.md in Resources */ = {isa = PBXBuildFile; fileRef = A2CCC0472B4EEE1B0000D01F /* README.md */; };
/* End PBXBuildFile section */

/* Begin PBXContainerItemProxy section */
		A21F1E3B2A938CC200DE1B15 /* PBXContainerItemProxy */ = {
			isa = PBXContainerItemProxy;
			containerPortal = A21F1E212A938CC100DE1B15 /* Project object */;
			proxyType = 1;
			remoteGlobalIDString = A21F1E282A938CC200DE1B15;
			remoteInfo = Modality;
		};
		A21F1E452A938CC200DE1B15 /* PBXContainerItemProxy */ = {
			isa = PBXContainerItemProxy;
			containerPortal = A21F1E212A938CC100DE1B15 /* Project object */;
			proxyType = 1;
			remoteGlobalIDString = A21F1E282A938CC200DE1B15;
			remoteInfo = Modality;
		};
/* End PBXContainerItemProxy section */

/* Begin PBXFileReference section */
		A21F1E292A938CC200DE1B15 /* Modality.app */ = {isa = PBXFileReference; explicitFileType = wrapper.application; includeInIndex = 0; path = Modality.app; sourceTree = BUILT_PRODUCTS_DIR; };
		A21F1E2C2A938CC200DE1B15 /* ModalityApp.swift */ = {isa = PBXFileReference; lastKnownFileType = sourcecode.swift; path = ModalityApp.swift; sourceTree = "<group>"; };
		A21F1E2E2A938CC200DE1B15 /* Yearbook.swift */ = {isa = PBXFileReference; lastKnownFileType = sourcecode.swift; path = Yearbook.swift; sourceTree = "<group>"; };
		A21F1E302A938CC200DE1B15 /* Assets.xcassets */ = {isa = PBXFileReference; lastKnownFileType = folder.assetcatalog; path = Assets.xcassets; sourceTree = "<group>"; };
		A21F1E322A938CC200DE1B15 /* Modality.entitlements */ = {isa = PBXFileReference; lastKnownFileType = text.plist.entitlements; path = Modality.entitlements; sourceTree = "<group>"; };
		A21F1E342A938CC200DE1B15 /* Preview Assets.xcassets */ = {isa = PBXFileReference; lastKnownFileType = folder.assetcatalog; path = "Preview Assets.xcassets"; sourceTree = "<group>"; };
		A21F1E3A2A938CC200DE1B15 /* ModalityTests.xctest */ = {isa = PBXFileReference; explicitFileType = wrapper.cfbundle; includeInIndex = 0; path = ModalityTests.xctest; sourceTree = BUILT_PRODUCTS_DIR; };
		A21F1E3E2A938CC200DE1B15 /* ModalityTests.swift */ = {isa = PBXFileReference; lastKnownFileType = sourcecode.swift; path = ModalityTests.swift; sourceTree = "<group>"; };
		A21F1E442A938CC200DE1B15 /* ModalityUITests.xctest */ = {isa = PBXFileReference; explicitFileType = wrapper.cfbundle; includeInIndex = 0; path = ModalityUITests.xctest; sourceTree = BUILT_PRODUCTS_DIR; };
		A21F1E482A938CC200DE1B15 /* ModalityUITests.swift */ = {isa = PBXFileReference; lastKnownFileType = sourcecode.swift; path = ModalityUITests.swift; sourceTree = "<group>"; };
		A21F1E4A2A938CC200DE1B15 /* ModalityUITestsLaunchTests.swift */ = {isa = PBXFileReference; lastKnownFileType = sourcecode.swift; path = ModalityUITestsLaunchTests.swift; sourceTree = "<group>"; };
		A21F1E572A938F1F00DE1B15 /* KermitsGroceryList.swift */ = {isa = PBXFileReference; lastKnownFileType = sourcecode.swift; path = KermitsGroceryList.swift; sourceTree = "<group>"; };
		A24815CB2B33323D0006D021 /* AddTextView.swift */ = {isa = PBXFileReference; lastKnownFileType = sourcecode.swift; path = AddTextView.swift; sourceTree = "<group>"; };
		A2CCC0472B4EEE1B0000D01F /* README.md */ = {isa = PBXFileReference; fileEncoding = 4; lastKnownFileType = net.daringfireball.markdown; path = README.md; sourceTree = "<group>"; };
/* End PBXFileReference section */

/* Begin PBXFrameworksBuildPhase section */
		A21F1E262A938CC200DE1B15 /* Frameworks */ = {
			isa = PBXFrameworksBuildPhase;
			buildActionMask = 2147483647;
			files = (
			);
			runOnlyForDeploymentPostprocessing = 0;
		};
		A21F1E372A938CC200DE1B15 /* Frameworks */ = {
			isa = PBXFrameworksBuildPhase;
			buildActionMask = 2147483647;
			files = (
			);
			runOnlyForDeploymentPostprocessing = 0;
		};
		A21F1E412A938CC200DE1B15 /* Frameworks */ = {
			isa = PBXFrameworksBuildPhase;
			buildActionMask = 2147483647;
			files = (
			);
			runOnlyForDeploymentPostprocessing = 0;
		};
/* End PBXFrameworksBuildPhase section */

/* Begin PBXGroup section */
		A21F1E202A938CC100DE1B15 = {
			isa = PBXGroup;
			children = (
				A2CCC0472B4EEE1B0000D01F /* README.md */,
				A21F1E2B2A938CC200DE1B15 /* Modality */,
				A21F1E3D2A938CC200DE1B15 /* ModalityTests */,
				A21F1E472A938CC200DE1B15 /* ModalityUITests */,
				A21F1E2A2A938CC200DE1B15 /* Products */,
			);
			sourceTree = "<group>";
		};
		A21F1E2A2A938CC200DE1B15 /* Products */ = {
			isa = PBXGroup;
			children = (
				A21F1E292A938CC200DE1B15 /* Modality.app */,
				A21F1E3A2A938CC200DE1B15 /* ModalityTests.xctest */,
				A21F1E442A938CC200DE1B15 /* ModalityUITests.xctest */,
			);
			name = Products;
			sourceTree = "<group>";
		};
		A21F1E2B2A938CC200DE1B15 /* Modality */ = {
			isa = PBXGroup;
			children = (
				A21F1E2C2A938CC200DE1B15 /* ModalityApp.swift */,
				A21F1E2E2A938CC200DE1B15 /* Yearbook.swift */,
				A24815CB2B33323D0006D021 /* AddTextView.swift */,
				A21F1E572A938F1F00DE1B15 /* KermitsGroceryList.swift */,
				A21F1E302A938CC200DE1B15 /* Assets.xcassets */,
				A21F1E322A938CC200DE1B15 /* Modality.entitlements */,
				A21F1E332A938CC200DE1B15 /* Preview Content */,
			);
			path = Modality;
			sourceTree = "<group>";
		};
		A21F1E332A938CC200DE1B15 /* Preview Content */ = {
			isa = PBXGroup;
			children = (
				A21F1E342A938CC200DE1B15 /* Preview Assets.xcassets */,
			);
			path = "Preview Content";
			sourceTree = "<group>";
		};
		A21F1E3D2A938CC200DE1B15 /* ModalityTests */ = {
			isa = PBXGroup;
			children = (
				A21F1E3E2A938CC200DE1B15 /* ModalityTests.swift */,
			);
			path = ModalityTests;
			sourceTree = "<group>";
		};
		A21F1E472A938CC200DE1B15 /* ModalityUITests */ = {
			isa = PBXGroup;
			children = (
				A21F1E482A938CC200DE1B15 /* ModalityUITests.swift */,
				A21F1E4A2A938CC200DE1B15 /* ModalityUITestsLaunchTests.swift */,
			);
			path = ModalityUITests;
			sourceTree = "<group>";
		};
/* End PBXGroup section */

/* Begin PBXNativeTarget section */
		A21F1E282A938CC200DE1B15 /* Modality */ = {
			isa = PBXNativeTarget;
			buildConfigurationList = A21F1E4E2A938CC200DE1B15 /* Build configuration list for PBXNativeTarget "Modality" */;
			buildPhases = (
				A21F1E252A938CC200DE1B15 /* Sources */,
				A21F1E262A938CC200DE1B15 /* Frameworks */,
				A21F1E272A938CC200DE1B15 /* Resources */,
			);
			buildRules = (
			);
			dependencies = (
			);
			name = Modality;
			productName = Modality;
			productReference = A21F1E292A938CC200DE1B15 /* Modality.app */;
			productType = "com.apple.product-type.application";
		};
		A21F1E392A938CC200DE1B15 /* ModalityTests */ = {
			isa = PBXNativeTarget;
			buildConfigurationList = A21F1E512A938CC300DE1B15 /* Build configuration list for PBXNativeTarget "ModalityTests" */;
			buildPhases = (
				A21F1E362A938CC200DE1B15 /* Sources */,
				A21F1E372A938CC200DE1B15 /* Frameworks */,
				A21F1E382A938CC200DE1B15 /* Resources */,
			);
			buildRules = (
			);
			dependencies = (
				A21F1E3C2A938CC200DE1B15 /* PBXTargetDependency */,
			);
			name = ModalityTests;
			productName = ModalityTests;
			productReference = A21F1E3A2A938CC200DE1B15 /* ModalityTests.xctest */;
			productType = "com.apple.product-type.bundle.unit-test";
		};
		A21F1E432A938CC200DE1B15 /* ModalityUITests */ = {
			isa = PBXNativeTarget;
			buildConfigurationList = A21F1E542A938CC300DE1B15 /* Build configuration list for PBXNativeTarget "ModalityUITests" */;
			buildPhases = (
				A21F1E402A938CC200DE1B15 /* Sources */,
				A21F1E412A938CC200DE1B15 /* Frameworks */,
				A21F1E422A938CC200DE1B15 /* Resources */,
			);
			buildRules = (
			);
			dependencies = (
				A21F1E462A938CC200DE1B15 /* PBXTargetDependency */,
			);
			name = ModalityUITests;
			productName = ModalityUITests;
			productReference = A21F1E442A938CC200DE1B15 /* ModalityUITests.xctest */;
			productType = "com.apple.product-type.bundle.ui-testing";
		};
/* End PBXNativeTarget section */

/* Begin PBXProject section */
		A21F1E212A938CC100DE1B15 /* Project object */ = {
			isa = PBXProject;
			attributes = {
				BuildIndependentTargetsInParallel = 1;
				LastSwiftUpdateCheck = 1430;
				LastUpgradeCheck = 1510;
				TargetAttributes = {
					A21F1E282A938CC200DE1B15 = {
						CreatedOnToolsVersion = 14.3.1;
					};
					A21F1E392A938CC200DE1B15 = {
						CreatedOnToolsVersion = 14.3.1;
						TestTargetID = A21F1E282A938CC200DE1B15;
					};
					A21F1E432A938CC200DE1B15 = {
						CreatedOnToolsVersion = 14.3.1;
						TestTargetID = A21F1E282A938CC200DE1B15;
					};
				};
			};
			buildConfigurationList = A21F1E242A938CC100DE1B15 /* Build configuration list for PBXProject "Modality" */;
			compatibilityVersion = "Xcode 14.0";
			developmentRegion = en;
			hasScannedForEncodings = 0;
			knownRegions = (
				en,
				Base,
			);
			mainGroup = A21F1E202A938CC100DE1B15;
			productRefGroup = A21F1E2A2A938CC200DE1B15 /* Products */;
			projectDirPath = "";
			projectRoot = "";
			targets = (
				A21F1E282A938CC200DE1B15 /* Modality */,
				A21F1E392A938CC200DE1B15 /* ModalityTests */,
				A21F1E432A938CC200DE1B15 /* ModalityUITests */,
			);
		};
/* End PBXProject section */

/* Begin PBXResourcesBuildPhase section */
		A21F1E272A938CC200DE1B15 /* Resources */ = {
			isa = PBXResourcesBuildPhase;
			buildActionMask = 2147483647;
			files = (
				A2CCC0482B4EEE1B0000D01F /* README.md in Resources */,
				A21F1E352A938CC200DE1B15 /* Preview Assets.xcassets in Resources */,
				A21F1E312A938CC200DE1B15 /* Assets.xcassets in Resources */,
			);
			runOnlyForDeploymentPostprocessing = 0;
		};
		A21F1E382A938CC200DE1B15 /* Resources */ = {
			isa = PBXResourcesBuildPhase;
			buildActionMask = 2147483647;
			files = (
			);
			runOnlyForDeploymentPostprocessing = 0;
		};
		A21F1E422A938CC200DE1B15 /* Resources */ = {
			isa = PBXResourcesBuildPhase;
			buildActionMask = 2147483647;
			files = (
			);
			runOnlyForDeploymentPostprocessing = 0;
		};
/* End PBXResourcesBuildPhase section */

/* Begin PBXSourcesBuildPhase section */
		A21F1E252A938CC200DE1B15 /* Sources */ = {
			isa = PBXSourcesBuildPhase;
			buildActionMask = 2147483647;
			files = (
				A21F1E2F2A938CC200DE1B15 /* Yearbook.swift in Sources */,
				A24815CC2B33323D0006D021 /* AddTextView.swift in Sources */,
				A21F1E2D2A938CC200DE1B15 /* ModalityApp.swift in Sources */,
				A21F1E582A938F1F00DE1B15 /* KermitsGroceryList.swift in Sources */,
			);
			runOnlyForDeploymentPostprocessing = 0;
		};
		A21F1E362A938CC200DE1B15 /* Sources */ = {
			isa = PBXSourcesBuildPhase;
			buildActionMask = 2147483647;
			files = (
				A21F1E3F2A938CC200DE1B15 /* ModalityTests.swift in Sources */,
			);
			runOnlyForDeploymentPostprocessing = 0;
		};
		A21F1E402A938CC200DE1B15 /* Sources */ = {
			isa = PBXSourcesBuildPhase;
			buildActionMask = 2147483647;
			files = (
				A21F1E4B2A938CC200DE1B15 /* ModalityUITestsLaunchTests.swift in Sources */,
				A21F1E492A938CC200DE1B15 /* ModalityUITests.swift in Sources */,
			);
			runOnlyForDeploymentPostprocessing = 0;
		};
/* End PBXSourcesBuildPhase section */

/* Begin PBXTargetDependency section */
		A21F1E3C2A938CC200DE1B15 /* PBXTargetDependency */ = {
			isa = PBXTargetDependency;
			target = A21F1E282A938CC200DE1B15 /* Modality */;
			targetProxy = A21F1E3B2A938CC200DE1B15 /* PBXContainerItemProxy */;
		};
		A21F1E462A938CC200DE1B15 /* PBXTargetDependency */ = {
			isa = PBXTargetDependency;
			target = A21F1E282A938CC200DE1B15 /* Modality */;
			targetProxy = A21F1E452A938CC200DE1B15 /* PBXContainerItemProxy */;
		};
/* End PBXTargetDependency section */

/* Begin XCBuildConfiguration section */
		A21F1E4C2A938CC200DE1B15 /* Debug */ = {
			isa = XCBuildConfiguration;
			buildSettings = {
				ALWAYS_SEARCH_USER_PATHS = NO;
				CLANG_ANALYZER_NONNULL = YES;
				CLANG_ANALYZER_NUMBER_OBJECT_CONVERSION = YES_AGGRESSIVE;
				CLANG_CXX_LANGUAGE_STANDARD = "gnu++20";
				CLANG_ENABLE_MODULES = YES;
				CLANG_ENABLE_OBJC_ARC = YES;
				CLANG_ENABLE_OBJC_WEAK = YES;
				CLANG_WARN_BLOCK_CAPTURE_AUTORELEASING = YES;
				CLANG_WARN_BOOL_CONVERSION = YES;
				CLANG_WARN_COMMA = YES;
				CLANG_WARN_CONSTANT_CONVERSION = YES;
				CLANG_WARN_DEPRECATED_OBJC_IMPLEMENTATIONS = YES;
				CLANG_WARN_DIRECT_OBJC_ISA_USAGE = YES_ERROR;
				CLANG_WARN_DOCUMENTATION_COMMENTS = YES;
				CLANG_WARN_EMPTY_BODY = YES;
				CLANG_WARN_ENUM_CONVERSION = YES;
				CLANG_WARN_INFINITE_RECURSION = YES;
				CLANG_WARN_INT_CONVERSION = YES;
				CLANG_WARN_NON_LITERAL_NULL_CONVERSION = YES;
				CLANG_WARN_OBJC_IMPLICIT_RETAIN_SELF = YES;
				CLANG_WARN_OBJC_LITERAL_CONVERSION = YES;
				CLANG_WARN_OBJC_ROOT_CLASS = YES_ERROR;
				CLANG_WARN_QUOTED_INCLUDE_IN_FRAMEWORK_HEADER = YES;
				CLANG_WARN_RANGE_LOOP_ANALYSIS = YES;
				CLANG_WARN_STRICT_PROTOTYPES = YES;
				CLANG_WARN_SUSPICIOUS_MOVE = YES;
				CLANG_WARN_UNGUARDED_AVAILABILITY = YES_AGGRESSIVE;
				CLANG_WARN_UNREACHABLE_CODE = YES;
				CLANG_WARN__DUPLICATE_METHOD_MATCH = YES;
				COPY_PHASE_STRIP = NO;
				DEAD_CODE_STRIPPING = YES;
				DEBUG_INFORMATION_FORMAT = dwarf;
				ENABLE_STRICT_OBJC_MSGSEND = YES;
				ENABLE_TESTABILITY = YES;
				ENABLE_USER_SCRIPT_SANDBOXING = YES;
				GCC_C_LANGUAGE_STANDARD = gnu11;
				GCC_DYNAMIC_NO_PIC = NO;
				GCC_NO_COMMON_BLOCKS = YES;
				GCC_OPTIMIZATION_LEVEL = 0;
				GCC_PREPROCESSOR_DEFINITIONS = (
					"DEBUG=1",
					"$(inherited)",
				);
				GCC_WARN_64_TO_32_BIT_CONVERSION = YES;
				GCC_WARN_ABOUT_RETURN_TYPE = YES_ERROR;
				GCC_WARN_UNDECLARED_SELECTOR = YES;
				GCC_WARN_UNINITIALIZED_AUTOS = YES_AGGRESSIVE;
				GCC_WARN_UNUSED_FUNCTION = YES;
				GCC_WARN_UNUSED_VARIABLE = YES;
				MTL_ENABLE_DEBUG_INFO = INCLUDE_SOURCE;
				MTL_FAST_MATH = YES;
				ONLY_ACTIVE_ARCH = YES;
				SWIFT_ACTIVE_COMPILATION_CONDITIONS = DEBUG;
				SWIFT_OPTIMIZATION_LEVEL = "-Onone";
			};
			name = Debug;
		};
		A21F1E4D2A938CC200DE1B15 /* Release */ = {
			isa = XCBuildConfiguration;
			buildSettings = {
				ALWAYS_SEARCH_USER_PATHS = NO;
				CLANG_ANALYZER_NONNULL = YES;
				CLANG_ANALYZER_NUMBER_OBJECT_CONVERSION = YES_AGGRESSIVE;
				CLANG_CXX_LANGUAGE_STANDARD = "gnu++20";
				CLANG_ENABLE_MODULES = YES;
				CLANG_ENABLE_OBJC_ARC = YES;
				CLANG_ENABLE_OBJC_WEAK = YES;
				CLANG_WARN_BLOCK_CAPTURE_AUTORELEASING = YES;
				CLANG_WARN_BOOL_CONVERSION = YES;
				CLANG_WARN_COMMA = YES;
				CLANG_WARN_CONSTANT_CONVERSION = YES;
				CLANG_WARN_DEPRECATED_OBJC_IMPLEMENTATIONS = YES;
				CLANG_WARN_DIRECT_OBJC_ISA_USAGE = YES_ERROR;
				CLANG_WARN_DOCUMENTATION_COMMENTS = YES;
				CLANG_WARN_EMPTY_BODY = YES;
				CLANG_WARN_ENUM_CONVERSION = YES;
				CLANG_WARN_INFINITE_RECURSION = YES;
				CLANG_WARN_INT_CONVERSION = YES;
				CLANG_WARN_NON_LITERAL_NULL_CONVERSION = YES;
				CLANG_WARN_OBJC_IMPLICIT_RETAIN_SELF = YES;
				CLANG_WARN_OBJC_LITERAL_CONVERSION = YES;
				CLANG_WARN_OBJC_ROOT_CLASS = YES_ERROR;
				CLANG_WARN_QUOTED_INCLUDE_IN_FRAMEWORK_HEADER = YES;
				CLANG_WARN_RANGE_LOOP_ANALYSIS = YES;
				CLANG_WARN_STRICT_PROTOTYPES = YES;
				CLANG_WARN_SUSPICIOUS_MOVE = YES;
				CLANG_WARN_UNGUARDED_AVAILABILITY = YES_AGGRESSIVE;
				CLANG_WARN_UNREACHABLE_CODE = YES;
				CLANG_WARN__DUPLICATE_METHOD_MATCH = YES;
				COPY_PHASE_STRIP = NO;
				DEAD_CODE_STRIPPING = YES;
				DEBUG_INFORMATION_FORMAT = "dwarf-with-dsym";
				ENABLE_NS_ASSERTIONS = NO;
				ENABLE_STRICT_OBJC_MSGSEND = YES;
				ENABLE_USER_SCRIPT_SANDBOXING = YES;
				GCC_C_LANGUAGE_STANDARD = gnu11;
				GCC_NO_COMMON_BLOCKS = YES;
				GCC_WARN_64_TO_32_BIT_CONVERSION = YES;
				GCC_WARN_ABOUT_RETURN_TYPE = YES_ERROR;
				GCC_WARN_UNDECLARED_SELECTOR = YES;
				GCC_WARN_UNINITIALIZED_AUTOS = YES_AGGRESSIVE;
				GCC_WARN_UNUSED_FUNCTION = YES;
				GCC_WARN_UNUSED_VARIABLE = YES;
				MTL_ENABLE_DEBUG_INFO = NO;
				MTL_FAST_MATH = YES;
				SWIFT_COMPILATION_MODE = wholemodule;
				SWIFT_OPTIMIZATION_LEVEL = "-O";
			};
			name = Release;
		};
		A21F1E4F2A938CC200DE1B15 /* Debug */ = {
			isa = XCBuildConfiguration;
			buildSettings = {
				ASSETCATALOG_COMPILER_APPICON_NAME = AppIcon;
				ASSETCATALOG_COMPILER_GLOBAL_ACCENT_COLOR_NAME = AccentColor;
				CODE_SIGN_ENTITLEMENTS = Modality/Modality.entitlements;
				CODE_SIGN_STYLE = Automatic;
				CURRENT_PROJECT_VERSION = 1;
				DEAD_CODE_STRIPPING = YES;
				DEVELOPMENT_ASSET_PATHS = "\"Modality/Preview Content\"";
				DEVELOPMENT_TEAM = 895F6NWJ4A;
				ENABLE_HARDENED_RUNTIME = YES;
				ENABLE_PREVIEWS = YES;
				GENERATE_INFOPLIST_FILE = YES;
				"INFOPLIST_KEY_UIApplicationSceneManifest_Generation[sdk=iphoneos*]" = YES;
				"INFOPLIST_KEY_UIApplicationSceneManifest_Generation[sdk=iphonesimulator*]" = YES;
				"INFOPLIST_KEY_UIApplicationSupportsIndirectInputEvents[sdk=iphoneos*]" = YES;
				"INFOPLIST_KEY_UIApplicationSupportsIndirectInputEvents[sdk=iphonesimulator*]" = YES;
				"INFOPLIST_KEY_UILaunchScreen_Generation[sdk=iphoneos*]" = YES;
				"INFOPLIST_KEY_UILaunchScreen_Generation[sdk=iphonesimulator*]" = YES;
				"INFOPLIST_KEY_UIStatusBarStyle[sdk=iphoneos*]" = UIStatusBarStyleDefault;
				"INFOPLIST_KEY_UIStatusBarStyle[sdk=iphonesimulator*]" = UIStatusBarStyleDefault;
				INFOPLIST_KEY_UISupportedInterfaceOrientations = UIInterfaceOrientationPortrait;
				INFOPLIST_KEY_UISupportedInterfaceOrientations_iPad = "UIInterfaceOrientationLandscapeLeft UIInterfaceOrientationLandscapeRight UIInterfaceOrientationPortrait UIInterfaceOrientationPortraitUpsideDown";
				IPHONEOS_DEPLOYMENT_TARGET = 17.0;
				LD_RUNPATH_SEARCH_PATHS = "@executable_path/Frameworks";
				"LD_RUNPATH_SEARCH_PATHS[sdk=macosx*]" = "@executable_path/../Frameworks";
				MACOSX_DEPLOYMENT_TARGET = 13.3;
				MARKETING_VERSION = 1.0;
				PRODUCT_BUNDLE_IDENTIFIER = m.Modality;
				PRODUCT_NAME = "$(TARGET_NAME)";
				SDKROOT = auto;
				SUPPORTED_PLATFORMS = "iphoneos iphonesimulator macosx";
				SWIFT_EMIT_LOC_STRINGS = YES;
				SWIFT_VERSION = 5.0;
				TARGETED_DEVICE_FAMILY = "1,2";
			};
			name = Debug;
		};
		A21F1E502A938CC200DE1B15 /* Release */ = {
			isa = XCBuildConfiguration;
			buildSettings = {
				ASSETCATALOG_COMPILER_APPICON_NAME = AppIcon;
				ASSETCATALOG_COMPILER_GLOBAL_ACCENT_COLOR_NAME = AccentColor;
				CODE_SIGN_ENTITLEMENTS = Modality/Modality.entitlements;
				CODE_SIGN_STYLE = Automatic;
				CURRENT_PROJECT_VERSION = 1;
				DEAD_CODE_STRIPPING = YES;
				DEVELOPMENT_ASSET_PATHS = "\"Modality/Preview Content\"";
				DEVELOPMENT_TEAM = 895F6NWJ4A;
				ENABLE_HARDENED_RUNTIME = YES;
				ENABLE_PREVIEWS = YES;
				GENERATE_INFOPLIST_FILE = YES;
				"INFOPLIST_KEY_UIApplicationSceneManifest_Generation[sdk=iphoneos*]" = YES;
				"INFOPLIST_KEY_UIApplicationSceneManifest_Generation[sdk=iphonesimulator*]" = YES;
				"INFOPLIST_KEY_UIApplicationSupportsIndirectInputEvents[sdk=iphoneos*]" = YES;
				"INFOPLIST_KEY_UIApplicationSupportsIndirectInputEvents[sdk=iphonesimulator*]" = YES;
				"INFOPLIST_KEY_UILaunchScreen_Generation[sdk=iphoneos*]" = YES;
				"INFOPLIST_KEY_UILaunchScreen_Generation[sdk=iphonesimulator*]" = YES;
				"INFOPLIST_KEY_UIStatusBarStyle[sdk=iphoneos*]" = UIStatusBarStyleDefault;
				"INFOPLIST_KEY_UIStatusBarStyle[sdk=iphonesimulator*]" = UIStatusBarStyleDefault;
				INFOPLIST_KEY_UISupportedInterfaceOrientations = UIInterfaceOrientationPortrait;
				INFOPLIST_KEY_UISupportedInterfaceOrientations_iPad = "UIInterfaceOrientationLandscapeLeft UIInterfaceOrientationLandscapeRight UIInterfaceOrientationPortrait UIInterfaceOrientationPortraitUpsideDown";
				IPHONEOS_DEPLOYMENT_TARGET = 17.0;
				LD_RUNPATH_SEARCH_PATHS = "@executable_path/Frameworks";
				"LD_RUNPATH_SEARCH_PATHS[sdk=macosx*]" = "@executable_path/../Frameworks";
				MACOSX_DEPLOYMENT_TARGET = 13.3;
				MARKETING_VERSION = 1.0;
				PRODUCT_BUNDLE_IDENTIFIER = m.Modality;
				PRODUCT_NAME = "$(TARGET_NAME)";
				SDKROOT = auto;
				SUPPORTED_PLATFORMS = "iphoneos iphonesimulator macosx";
				SWIFT_EMIT_LOC_STRINGS = YES;
				SWIFT_VERSION = 5.0;
				TARGETED_DEVICE_FAMILY = "1,2";
			};
			name = Release;
		};
		A21F1E522A938CC300DE1B15 /* Debug */ = {
			isa = XCBuildConfiguration;
			buildSettings = {
				ALWAYS_EMBED_SWIFT_STANDARD_LIBRARIES = YES;
				BUNDLE_LOADER = "$(TEST_HOST)";
				CODE_SIGN_STYLE = Automatic;
				CURRENT_PROJECT_VERSION = 1;
				DEAD_CODE_STRIPPING = YES;
				DEVELOPMENT_TEAM = 895F6NWJ4A;
				GENERATE_INFOPLIST_FILE = YES;
				IPHONEOS_DEPLOYMENT_TARGET = 16.4;
				MACOSX_DEPLOYMENT_TARGET = 13.3;
				MARKETING_VERSION = 1.0;
				PRODUCT_BUNDLE_IDENTIFIER = m.ModalityTests;
				PRODUCT_NAME = "$(TARGET_NAME)";
				SDKROOT = auto;
				SUPPORTED_PLATFORMS = "iphoneos iphonesimulator macosx";
				SWIFT_EMIT_LOC_STRINGS = NO;
				SWIFT_VERSION = 5.0;
				TARGETED_DEVICE_FAMILY = "1,2";
				TEST_HOST = "$(BUILT_PRODUCTS_DIR)/Modality.app/$(BUNDLE_EXECUTABLE_FOLDER_PATH)/Modality";
			};
			name = Debug;
		};
		A21F1E532A938CC300DE1B15 /* Release */ = {
			isa = XCBuildConfiguration;
			buildSettings = {
				ALWAYS_EMBED_SWIFT_STANDARD_LIBRARIES = YES;
				BUNDLE_LOADER = "$(TEST_HOST)";
				CODE_SIGN_STYLE = Automatic;
				CURRENT_PROJECT_VERSION = 1;
				DEAD_CODE_STRIPPING = YES;
				DEVELOPMENT_TEAM = 895F6NWJ4A;
				GENERATE_INFOPLIST_FILE = YES;
				IPHONEOS_DEPLOYMENT_TARGET = 16.4;
				MACOSX_DEPLOYMENT_TARGET = 13.3;
				MARKETING_VERSION = 1.0;
				PRODUCT_BUNDLE_IDENTIFIER = m.ModalityTests;
				PRODUCT_NAME = "$(TARGET_NAME)";
				SDKROOT = auto;
				SUPPORTED_PLATFORMS = "iphoneos iphonesimulator macosx";
				SWIFT_EMIT_LOC_STRINGS = NO;
				SWIFT_VERSION = 5.0;
				TARGETED_DEVICE_FAMILY = "1,2";
				TEST_HOST = "$(BUILT_PRODUCTS_DIR)/Modality.app/$(BUNDLE_EXECUTABLE_FOLDER_PATH)/Modality";
			};
			name = Release;
		};
		A21F1E552A938CC300DE1B15 /* Debug */ = {
			isa = XCBuildConfiguration;
			buildSettings = {
				ALWAYS_EMBED_SWIFT_STANDARD_LIBRARIES = YES;
				CODE_SIGN_STYLE = Automatic;
				CURRENT_PROJECT_VERSION = 1;
				DEAD_CODE_STRIPPING = YES;
				DEVELOPMENT_TEAM = 895F6NWJ4A;
				GENERATE_INFOPLIST_FILE = YES;
				IPHONEOS_DEPLOYMENT_TARGET = 16.4;
				MACOSX_DEPLOYMENT_TARGET = 13.3;
				MARKETING_VERSION = 1.0;
				PRODUCT_BUNDLE_IDENTIFIER = m.ModalityUITests;
				PRODUCT_NAME = "$(TARGET_NAME)";
				SDKROOT = auto;
				SUPPORTED_PLATFORMS = "iphoneos iphonesimulator macosx";
				SWIFT_EMIT_LOC_STRINGS = NO;
				SWIFT_VERSION = 5.0;
				TARGETED_DEVICE_FAMILY = "1,2";
				TEST_TARGET_NAME = Modality;
			};
			name = Debug;
		};
		A21F1E562A938CC300DE1B15 /* Release */ = {
			isa = XCBuildConfiguration;
			buildSettings = {
				ALWAYS_EMBED_SWIFT_STANDARD_LIBRARIES = YES;
				CODE_SIGN_STYLE = Automatic;
				CURRENT_PROJECT_VERSION = 1;
				DEAD_CODE_STRIPPING = YES;
				DEVELOPMENT_TEAM = 895F6NWJ4A;
				GENERATE_INFOPLIST_FILE = YES;
				IPHONEOS_DEPLOYMENT_TARGET = 16.4;
				MACOSX_DEPLOYMENT_TARGET = 13.3;
				MARKETING_VERSION = 1.0;
				PRODUCT_BUNDLE_IDENTIFIER = m.ModalityUITests;
				PRODUCT_NAME = "$(TARGET_NAME)";
				SDKROOT = auto;
				SUPPORTED_PLATFORMS = "iphoneos iphonesimulator macosx";
				SWIFT_EMIT_LOC_STRINGS = NO;
				SWIFT_VERSION = 5.0;
				TARGETED_DEVICE_FAMILY = "1,2";
				TEST_TARGET_NAME = Modality;
			};
			name = Release;
		};
/* End XCBuildConfiguration section */

/* Begin XCConfigurationList section */
		A21F1E242A938CC100DE1B15 /* Build configuration list for PBXProject "Modality" */ = {
			isa = XCConfigurationList;
			buildConfigurations = (
				A21F1E4C2A938CC200DE1B15 /* Debug */,
				A21F1E4D2A938CC200DE1B15 /* Release */,
			);
			defaultConfigurationIsVisible = 0;
			defaultConfigurationName = Release;
		};
		A21F1E4E2A938CC200DE1B15 /* Build configuration list for PBXNativeTarget "Modality" */ = {
			isa = XCConfigurationList;
			buildConfigurations = (
				A21F1E4F2A938CC200DE1B15 /* Debug */,
				A21F1E502A938CC200DE1B15 /* Release */,
			);
			defaultConfigurationIsVisible = 0;
			defaultConfigurationName = Release;
		};
		A21F1E512A938CC300DE1B15 /* Build configuration list for PBXNativeTarget "ModalityTests" */ = {
			isa = XCConfigurationList;
			buildConfigurations = (
				A21F1E522A938CC300DE1B15 /* Debug */,
				A21F1E532A938CC300DE1B15 /* Release */,
			);
			defaultConfigurationIsVisible = 0;
			defaultConfigurationName = Release;
		};
		A21F1E542A938CC300DE1B15 /* Build configuration list for PBXNativeTarget "ModalityUITests" */ = {
			isa = XCConfigurationList;
			buildConfigurations = (
				A21F1E552A938CC300DE1B15 /* Debug */,
				A21F1E562A938CC300DE1B15 /* Release */,
			);
			defaultConfigurationIsVisible = 0;
			defaultConfigurationName = Release;
		};
/* End XCConfigurationList section */
	};
	rootObject = A21F1E212A938CC100DE1B15 /* Project object */;
}
